
Microsoft Visual Studio Solution File, Format Version 12.00
# Visual Studio Version 17
VisualStudioVersion = 17.0.32112.339
MinimumVisualStudioVersion = 10.0.40219.1
Project("{9A19103F-16F7-4668-BE54-9A1E7A4F7556}") = "MetricsManager", "MetricsManager\MetricsManager.csproj", "{273C2D26-D561-4D5A-BD94-EDD6AF8E99F5}"
EndProject
Project("{9A19103F-16F7-4668-BE54-9A1E7A4F7556}") = "MetricsManagerTests", "MetricsManagerTests\MetricsManagerTests.csproj", "{FFD14CED-115C-4A36-885B-EB4FCD583628}"
EndProject
Global
	GlobalSection(SolutionConfigurationPlatforms) = preSolution
		Debug|Any CPU = Debug|Any CPU
		Release|Any CPU = Release|Any CPU
	EndGlobalSection
	GlobalSection(ProjectConfigurationPlatforms) = postSolution
		{273C2D26-D561-4D5A-BD94-EDD6AF8E99F5}.Debug|Any CPU.ActiveCfg = Debug|Any CPU
		{273C2D26-D561-4D5A-BD94-EDD6AF8E99F5}.Debug|Any CPU.Build.0 = Debug|Any CPU
		{273C2D26-D561-4D5A-BD94-EDD6AF8E99F5}.Release|Any CPU.ActiveCfg = Release|Any CPU
		{273C2D26-D561-4D5A-BD94-EDD6AF8E99F5}.Release|Any CPU.Build.0 = Release|Any CPU
		{FFD14CED-115C-4A36-885B-EB4FCD583628}.Debug|Any CPU.ActiveCfg = Debug|Any CPU
		{FFD14CED-115C-4A36-885B-EB4FCD583628}.Debug|Any CPU.Build.0 = Debug|Any CPU
		{FFD14CED-115C-4A36-885B-EB4FCD583628}.Release|Any CPU.ActiveCfg = Release|Any CPU
		{FFD14CED-115C-4A36-885B-EB4FCD583628}.Release|Any CPU.Build.0 = Release|Any CPU
	EndGlobalSection
	GlobalSection(SolutionProperties) = preSolution
		HideSolutionNode = FALSE
	EndGlobalSection
	GlobalSection(ExtensibilityGlobals) = postSolution
		SolutionGuid = {A386F656-6E18-4D13-A242-9C5648A77865}
	EndGlobalSection
EndGlobal
